{"cliVersion":"0.18.1","productModuleName":"SimulatorKit","sourceFilePaths":[{"path":"\/Users\/prywatne\/Desktop\/SimulatorKit\/SimulatorKit\/AccessibilitySimulatorApplicationFactory.swift","hash":"b3ee2a08fcbd21ca750ad7639614a5ae31127806"},{"path":"\/Users\/prywatne\/Desktop\/SimulatorKit\/SimulatorKit\/AccessiblitySimulatorApplication.swift","hash":"5d3b8f1f807269f15829aadec7478568b68efa96"},{"path":"\/Users\/prywatne\/Desktop\/SimulatorKit\/SimulatorKit\/DependenciesContainer.swift","hash":"2bfa3fbc9eeac43f739c3fee7c58cada8215ce7a"},{"path":"\/Users\/prywatne\/Desktop\/SimulatorKit\/SimulatorKit\/Enums\/Event.swift","hash":"2140a243e5fbe5fc6302577998a67c8691d4d93d"},{"path":"\/Users\/prywatne\/Desktop\/SimulatorKit\/SimulatorKit\/Enums\/IPhoneDeviceBlueprint.swift","hash":"fb19189836d8adcd1c863c61526646e51b98a6bc"},{"path":"\/Users\/prywatne\/Desktop\/SimulatorKit\/SimulatorKit\/Enums\/Pressure.swift","hash":"1ba5f78b3efdef7e4b559129e626fde2ebf76aed"},{"path":"\/Users\/prywatne\/Desktop\/SimulatorKit\/SimulatorKit\/Enums\/ShellCommand.swift","hash":"0a79980680acec3fc04b5a151bedd0402fe8fa2a"},{"path":"\/Users\/prywatne\/Desktop\/SimulatorKit\/SimulatorKit\/Enums\/ShellCommandError.swift","hash":"a1a76aa682539658dcd890d19817003469fbc186"},{"path":"\/Users\/prywatne\/Desktop\/SimulatorKit\/SimulatorKit\/Enums\/SimulatorState.swift","hash":"421411b2b81fe6b600278914514e6eb736709c02"},{"path":"\/Users\/prywatne\/Desktop\/SimulatorKit\/SimulatorKit\/EventParser.swift","hash":"9cd08be59c0c4abd1e68c2d6e2abdf8bd01cb413"},{"path":"\/Users\/prywatne\/Desktop\/SimulatorKit\/SimulatorKit\/Extensions\/Event+Keyboard.swift","hash":"b0c72eace371696ea46a9c31e01543e10ab9ec36"},{"path":"\/Users\/prywatne\/Desktop\/SimulatorKit\/SimulatorKit\/Extensions\/Event+Mouse.swift","hash":"f313eca37b7f2dc1640b2aaad9ef62ff1fbf6202"},{"path":"\/Users\/prywatne\/Desktop\/SimulatorKit\/SimulatorKit\/Extensions\/Event+Payloads.swift","hash":"de1c86db9cf909befa473b17bd85774757ff7e01"},{"path":"\/Users\/prywatne\/Desktop\/SimulatorKit\/SimulatorKit\/Extensions\/String+Substring.swift","hash":"6f97ecb04231c912a1899f96ea29fe06bb453b64"},{"path":"\/Users\/prywatne\/Desktop\/SimulatorKit\/SimulatorKit\/IOSSimulator.swift","hash":"38991c0331f3df73f33678525d657f4df13590f8"},{"path":"\/Users\/prywatne\/Desktop\/SimulatorKit\/SimulatorKit\/IOSSimulatorFactory.swift","hash":"d5e07b2129711d73ab4213ab05629b8f3c99a7d7"},{"path":"\/Users\/prywatne\/Desktop\/SimulatorKit\/SimulatorKit\/MacOSWindowsCopying.swift","hash":"77c9421fc94a86473e8acc9b56a9b3b12d5c74f6"},{"path":"\/Users\/prywatne\/Desktop\/SimulatorKit\/SimulatorKit\/ModifierKeys.swift","hash":"44c0b66188e5f94221e789b493d2a9477026f74d"},{"path":"\/Users\/prywatne\/Desktop\/SimulatorKit\/SimulatorKit\/Process.swift","hash":"fba5fe01c5001af78f638cdf6a750f59ef3ec5e7"},{"path":"\/Users\/prywatne\/Desktop\/SimulatorKit\/SimulatorKit\/ProcessProvider.swift","hash":"f4b0624ff21fe377bee320b0e04885ce08f5175c"},{"path":"\/Users\/prywatne\/Desktop\/SimulatorKit\/SimulatorKit\/Protocols\/AccessibilityApplication.swift","hash":"16566f3e0ff3e7212331fc4e3e78f1f55f881fd5"},{"path":"\/Users\/prywatne\/Desktop\/SimulatorKit\/SimulatorKit\/Protocols\/AccessibilityApplicationFactory.swift","hash":"1cdd4f3c32adc3e660fa55a67038907b4f398b1d"},{"path":"\/Users\/prywatne\/Desktop\/SimulatorKit\/SimulatorKit\/Protocols\/CGWindowCopying.swift","hash":"ea97c71c5656d1eefdc1c310671d2cc69c05e649"},{"path":"\/Users\/prywatne\/Desktop\/SimulatorKit\/SimulatorKit\/Protocols\/Command.swift","hash":"a19caf4ea93945a4e77074e4a11d7635ad968738"},{"path":"\/Users\/prywatne\/Desktop\/SimulatorKit\/SimulatorKit\/Protocols\/DeviceBlueprint.swift","hash":"7aafba58eb382ca363799e7c95f9b37bf67d8cc5"},{"path":"\/Users\/prywatne\/Desktop\/SimulatorKit\/SimulatorKit\/Protocols\/EventParsable.swift","hash":"3af624aa25297b748118b9bf31264143b85b43aa"},{"path":"\/Users\/prywatne\/Desktop\/SimulatorKit\/SimulatorKit\/Protocols\/EventPayload.swift","hash":"4489c512490bfd8fe60fac47dc9e910060aab9fe"},{"path":"\/Users\/prywatne\/Desktop\/SimulatorKit\/SimulatorKit\/Protocols\/EventType.swift","hash":"8e104b3bc4965322286321b9fcb8404ed608467c"},{"path":"\/Users\/prywatne\/Desktop\/SimulatorKit\/SimulatorKit\/Protocols\/KeyboardEventPayload.swift","hash":"8a26701f22862c8d3d68037d1acf30a771f5c01b"},{"path":"\/Users\/prywatne\/Desktop\/SimulatorKit\/SimulatorKit\/Protocols\/MouseEventPayload.swift","hash":"9b0dd7307c2b3d09b0f176651141843ffde2ad1d"},{"path":"\/Users\/prywatne\/Desktop\/SimulatorKit\/SimulatorKit\/Protocols\/ProcessProviding.swift","hash":"f272da96c2093eb3c2d8a1cf5d52a9219c6c7cff"},{"path":"\/Users\/prywatne\/Desktop\/SimulatorKit\/SimulatorKit\/Protocols\/Processable.swift","hash":"3879f9c27cea39184bb04dd06685d97e2f5a3517"},{"path":"\/Users\/prywatne\/Desktop\/SimulatorKit\/SimulatorKit\/Protocols\/ShellCommandServicable.swift","hash":"970f63ddd98f25e96858a8ae4dbc03d120fd12be"},{"path":"\/Users\/prywatne\/Desktop\/SimulatorKit\/SimulatorKit\/Protocols\/Simulator.swift","hash":"5c0f84d1c1eebcf4998a23298bc362fae96243d2"},{"path":"\/Users\/prywatne\/Desktop\/SimulatorKit\/SimulatorKit\/Protocols\/SimulatorAppProvidable.swift","hash":"6a9f6b037560d3d442b7a0259c0e3b92308edcf4"},{"path":"\/Users\/prywatne\/Desktop\/SimulatorKit\/SimulatorKit\/Protocols\/SimulatorKitError.swift","hash":"17e78a5b4559edb983bdcdd6f30800627d9076a2"},{"path":"\/Users\/prywatne\/Desktop\/SimulatorKit\/SimulatorKit\/Protocols\/SimulatorWindowsServicable.swift","hash":"b404e0dc34a132a4da469821d5033bd4cf193244"},{"path":"\/Users\/prywatne\/Desktop\/SimulatorKit\/SimulatorKit\/Protocols\/SimulatorsFactory.swift","hash":"5ec438864cc884873be4277860be1aea5c3a00b2"},{"path":"\/Users\/prywatne\/Desktop\/SimulatorKit\/SimulatorKit\/Protocols\/SimulatorsServicable.swift","hash":"9ed3c68b7e1665f0b2c2da7e583c902cacfa7f0c"},{"path":"\/Users\/prywatne\/Desktop\/SimulatorKit\/SimulatorKit\/Protocols\/WindowObserving.swift","hash":"831967cde013e170281cedae8280dc717e57d129"},{"path":"\/Users\/prywatne\/Desktop\/SimulatorKit\/SimulatorKit\/Protocols\/WindowsProvidable.swift","hash":"a573e08fa94771aa850dd32649f35eeff6262853"},{"path":"\/Users\/prywatne\/Desktop\/SimulatorKit\/SimulatorKit\/SessionId.swift","hash":"5bf2adb26329773dd2286edc4357f577b551502f"},{"path":"\/Users\/prywatne\/Desktop\/SimulatorKit\/SimulatorKit\/ShellCommandService.swift","hash":"f6c7e0aaf99c766638319bfd53515e5eb8c2fdd1"},{"path":"\/Users\/prywatne\/Desktop\/SimulatorKit\/SimulatorKit\/SimulatorAppProvider.swift","hash":"4cb3e9103b132701db5f440b7813446e0b424a7b"},{"path":"\/Users\/prywatne\/Desktop\/SimulatorKit\/SimulatorKit\/SimulatorKit.swift","hash":"e0b6060adb0f670c39a1071744d72e3176747d74"},{"path":"\/Users\/prywatne\/Desktop\/SimulatorKit\/SimulatorKit\/SimulatorWindowsService.swift","hash":"a7b63f9435e6c7b000584099d73e6b1f8b9751b6"},{"path":"\/Users\/prywatne\/Desktop\/SimulatorKit\/SimulatorKit\/SimulatorsService.swift","hash":"2b019e62d1dcb199359d0d70a08fa95a4c030771"},{"path":"\/Users\/prywatne\/Desktop\/SimulatorKit\/SimulatorKit\/Window.swift","hash":"6ba8c8297ccfd830e23a051b9c29b9807378cbe7"},{"path":"\/Users\/prywatne\/Desktop\/SimulatorKit\/SimulatorKit\/WindowObserver.swift","hash":"07877962b238793616783c168f8ac99e7afc87a1"},{"path":"\/Users\/prywatne\/Desktop\/SimulatorKit\/SimulatorKit\/WindowsProvider.swift","hash":"5e6239e16c97a515c5fdf5e12aece8895d568b97"}],"configHash":"8fb925112d3d924df597d60a46f60e0a5c7d70e7","dependencyPathsHash":"6944cf8e4c3478e788825a9804ef31c9664a279a","targetPathsHash":"70e7a80e34dc1a04dda46e6b958d914cff661c2b","mockedTypesHash":"8c45af45e5e6ad7024a526555ea8c8018aadc1f5","outputHash":"0c7011e46c02b8d9dfe2f1252c35d37c14e245cf","dependencies":[],"sourceRoot":"\/Users\/prywatne\/Desktop\/SimulatorKit","supportingFilePaths":[{"path":"\/Users\/prywatne\/Desktop\/SimulatorKit\/MockingbirdSupport\/AppKit\/NSResponder.swift","hash":"21296949c6d570892c8665a450e62c234c938790"},{"path":"\/Users\/prywatne\/Desktop\/SimulatorKit\/MockingbirdSupport\/AppKit\/NSView.swift","hash":"85b3183be144012a7e105e292426c3d9f8966072"},{"path":"\/Users\/prywatne\/Desktop\/SimulatorKit\/MockingbirdSupport\/AppKit\/NSViewController.swift","hash":"d8785e8a119f2723c8840534df0ad8ac61409797"},{"path":"\/Users\/prywatne\/Desktop\/SimulatorKit\/MockingbirdSupport\/Foundation\/ObjectiveC\/NSObject.swift","hash":"cf466772b8c2d80d31f34b93b501b398fbb8854d"},{"path":"\/Users\/prywatne\/Desktop\/SimulatorKit\/MockingbirdSupport\/Foundation\/ObjectiveC\/NSObject.swift","hash":"cf466772b8c2d80d31f34b93b501b398fbb8854d"},{"path":"\/Users\/prywatne\/Desktop\/SimulatorKit\/MockingbirdSupport\/Swift\/Codable.swift","hash":"57675d8b36a2db7b093b3542bd3225a88992c3bc"},{"path":"\/Users\/prywatne\/Desktop\/SimulatorKit\/MockingbirdSupport\/Swift\/Comparable.swift","hash":"d0d110744eeaf2f8fdd2f8a41df3452f35286bb7"},{"path":"\/Users\/prywatne\/Desktop\/SimulatorKit\/MockingbirdSupport\/Swift\/Equatable.swift","hash":"2e7674f4e23a5ab7aef45b91b63c0ed5934c3b83"},{"path":"\/Users\/prywatne\/Desktop\/SimulatorKit\/MockingbirdSupport\/Swift\/Hashable.swift","hash":"f59ec249aa03e312f2bda7c3b397c0dccd880a21"},{"path":"\/Users\/prywatne\/Desktop\/SimulatorKit\/MockingbirdSupport\/Swift\/Misc.swift","hash":"c139249ec5799f1ec64c3d9e7d8c1f286b894035"},{"path":"\/Users\/prywatne\/Desktop\/SimulatorKit\/MockingbirdSupport\/UIKit\/UIControl.swift","hash":"9363a4c38002598dbbc1198f16fe7198b8151d24"},{"path":"\/Users\/prywatne\/Desktop\/SimulatorKit\/MockingbirdSupport\/UIKit\/UILabel.swift","hash":"e26a734695bfe008598ed0d8c936683db78f40ac"},{"path":"\/Users\/prywatne\/Desktop\/SimulatorKit\/MockingbirdSupport\/UIKit\/UIView.swift","hash":"10e6b03a9c5a76f720c17fcb82af82ff66994926"},{"path":"\/Users\/prywatne\/Desktop\/SimulatorKit\/MockingbirdSupport\/UIKit\/UIViewController.swift","hash":"bbd8980a22029f339b0e8746124fd06d94730570"}],"name":"SimulatorKit","projectHash":"7e4baa118b000c28ba5a99e105850bab6273ef8c"}