{"projectHash":"7e4baa118b000c28ba5a99e105850bab6273ef8c","productModuleName":"SimulatorKitTests","mockedTypeNames":["\/Users\/prywatne\/Desktop\/SimulatorKit\/SimulatorKitTests\/SimulatorsServiceSpec.swift",["ShellCommandServicable","SimulatorWindowsServicable","SimulatorsFactory"],"\/Users\/prywatne\/Desktop\/SimulatorKit\/SimulatorKitTests\/Fixtures\/Window+Fixtures.swift",[],"\/Users\/prywatne\/Desktop\/SimulatorKit\/SimulatorKitTests\/SimulatorAppProviderSpec.swift",["NSRunningApplication","NSWorkspace","ShellCommandServicable"],"\/Users\/prywatne\/Desktop\/SimulatorKit\/SimulatorKitTests\/ShellCommandServiceSpec.swift",["ProcessProviding"],"\/Users\/prywatne\/Desktop\/SimulatorKit\/SimulatorKitTests\/WindowsProviderSpec.swift",["CGWindowCopying"],"\/Users\/prywatne\/Desktop\/SimulatorKit\/SimulatorKitTests\/MacOSWindowsCopyingSpec.swift",[],"\/Users\/prywatne\/Desktop\/SimulatorKit\/SimulatorKitTests\/EventParserSpec.swift",[]],"cliVersion":"0.18.1","configHash":"8fb925112d3d924df597d60a46f60e0a5c7d70e7","sourceRoot":"\/Users\/prywatne\/Desktop\/SimulatorKit","sourceFilePaths":[{"path":"\/Users\/prywatne\/Desktop\/SimulatorKit\/MockingbirdMocks\/SimulatorKitTests-SimulatorKitMocks.generated.swift","hash":"0c7011e46c02b8d9dfe2f1252c35d37c14e245cf"},{"path":"\/Users\/prywatne\/Desktop\/SimulatorKit\/SimulatorKitTests\/EventParserSpec.swift","hash":"d10bf99f21be535bd50723a2f345abc10d6d2ee6"},{"path":"\/Users\/prywatne\/Desktop\/SimulatorKit\/SimulatorKitTests\/Fixtures\/Window+Fixtures.swift","hash":"51c990ee8341df233b6af83898c066b4a5481bed"},{"path":"\/Users\/prywatne\/Desktop\/SimulatorKit\/SimulatorKitTests\/MacOSWindowsCopyingSpec.swift","hash":"d2a393ffe194bedb910a4a6bff6422f2a2b6c243"},{"path":"\/Users\/prywatne\/Desktop\/SimulatorKit\/SimulatorKitTests\/ShellCommandServiceSpec.swift","hash":"9967ed4f51d9483c0a60bed4d57a9bc07ed23248"},{"path":"\/Users\/prywatne\/Desktop\/SimulatorKit\/SimulatorKitTests\/SimulatorAppProviderSpec.swift","hash":"867da392e1323fee61c005e6630ca0497856b02d"},{"path":"\/Users\/prywatne\/Desktop\/SimulatorKit\/SimulatorKitTests\/SimulatorsServiceSpec.swift","hash":"db8c963c019fe8e063738fb560e4483a04ff27a0"},{"path":"\/Users\/prywatne\/Desktop\/SimulatorKit\/SimulatorKitTests\/WindowsProviderSpec.swift","hash":"04a06a25c850c01d0df155fea7b1e9c778ce8db6"}],"dependencies":[],"name":"SimulatorKitTests"}